// !$*UTF8*$!
{
	archiveVersion = 1;
	classes = {
	};
	objectVersion = 46;
	objects = {

/* Begin PBXBuildFile section */
		15598B221A06BEC4000689FF /* main.m in Sources */ = {isa = PBXBuildFile; fileRef = 15598B211A06BEC4000689FF /* main.m */; };
		15598B251A06BEC4000689FF /* AppDelegate.m in Sources */ = {isa = PBXBuildFile; fileRef = 15598B241A06BEC4000689FF /* AppDelegate.m */; };
		15598B281A06BEC4000689FF /* ViewController.m in Sources */ = {isa = PBXBuildFile; fileRef = 15598B271A06BEC4000689FF /* ViewController.m */; };
		15598B2D1A06BEC4000689FF /* Images.xcassets in Resources */ = {isa = PBXBuildFile; fileRef = 15598B2C1A06BEC4000689FF /* Images.xcassets */; };
		15598B3C1A06BEC5000689FF /* PaybackTests.m in Sources */ = {isa = PBXBuildFile; fileRef = 15598B3B1A06BEC5000689FF /* PaybackTests.m */; };
		15598B471A06BF74000689FF /* LedgerViewController.m in Sources */ = {isa = PBXBuildFile; fileRef = 15598B461A06BF74000689FF /* LedgerViewController.m */; };
		15598B4A1A06BF92000689FF /* SingeLedgerViewController.m in Sources */ = {isa = PBXBuildFile; fileRef = 15598B491A06BF92000689FF /* SingeLedgerViewController.m */; };
		15598B4C1A06C64C000689FF /* Ledgers.plist in Resources */ = {isa = PBXBuildFile; fileRef = 15598B4B1A06C64C000689FF /* Ledgers.plist */; };
		15598B4F1A06CCB3000689FF /* Bolts.framework in Frameworks */ = {isa = PBXBuildFile; fileRef = 15598B4D1A06CCB3000689FF /* Bolts.framework */; };
		15598B501A06CCB3000689FF /* Parse.framework in Frameworks */ = {isa = PBXBuildFile; fileRef = 15598B4E1A06CCB3000689FF /* Parse.framework */; };
		15598B521A06CD27000689FF /* AudioToolbox.framework in Frameworks */ = {isa = PBXBuildFile; fileRef = 15598B511A06CD27000689FF /* AudioToolbox.framework */; };
		15598B541A06CD2F000689FF /* CFNetwork.framework in Frameworks */ = {isa = PBXBuildFile; fileRef = 15598B531A06CD2F000689FF /* CFNetwork.framework */; };
		15598B561A06CD38000689FF /* CoreGraphics.framework in Frameworks */ = {isa = PBXBuildFile; fileRef = 15598B551A06CD38000689FF /* CoreGraphics.framework */; };
		15598B581A06CD3E000689FF /* CoreLocation.framework in Frameworks */ = {isa = PBXBuildFile; fileRef = 15598B571A06CD3E000689FF /* CoreLocation.framework */; };
		15598B5A1A06CD44000689FF /* libz.dylib in Frameworks */ = {isa = PBXBuildFile; fileRef = 15598B591A06CD44000689FF /* libz.dylib */; };
		15598B5C1A06CD4C000689FF /* MobileCoreServices.framework in Frameworks */ = {isa = PBXBuildFile; fileRef = 15598B5B1A06CD4C000689FF /* MobileCoreServices.framework */; };
		15598B5E1A06CD51000689FF /* QuartzCore.framework in Frameworks */ = {isa = PBXBuildFile; fileRef = 15598B5D1A06CD51000689FF /* QuartzCore.framework */; };
		15598B601A06CD56000689FF /* Security.framework in Frameworks */ = {isa = PBXBuildFile; fileRef = 15598B5F1A06CD56000689FF /* Security.framework */; };
		15598B621A06CD5C000689FF /* StoreKit.framework in Frameworks */ = {isa = PBXBuildFile; fileRef = 15598B611A06CD5C000689FF /* StoreKit.framework */; };
		15598B641A06CD65000689FF /* SystemConfiguration.framework in Frameworks */ = {isa = PBXBuildFile; fileRef = 15598B631A06CD65000689FF /* SystemConfiguration.framework */; };
		15598B671A0765FC000689FF /* EditLedgerViewController.m in Sources */ = {isa = PBXBuildFile; fileRef = 15598B661A0765FC000689FF /* EditLedgerViewController.m */; };
		15598B6D1A077B9C000689FF /* CustomTableViewCell.m in Sources */ = {isa = PBXBuildFile; fileRef = 15598B6C1A077B9C000689FF /* CustomTableViewCell.m */; };
		159A348C1A08901B00867540 /* LaunchScreen.xib in Resources */ = {isa = PBXBuildFile; fileRef = 159A348A1A08901B00867540 /* LaunchScreen.xib */; };
		159A348D1A08901B00867540 /* Main.storyboard in Resources */ = {isa = PBXBuildFile; fileRef = 159A348B1A08901B00867540 /* Main.storyboard */; };
/* End PBXBuildFile section */

/* Begin PBXContainerItemProxy section */
		15598B361A06BEC4000689FF /* PBXContainerItemProxy */ = {
			isa = PBXContainerItemProxy;
			containerPortal = 15598B141A06BEC4000689FF /* Project object */;
			proxyType = 1;
			remoteGlobalIDString = 15598B1B1A06BEC4000689FF;
			remoteInfo = Payback;
		};
/* End PBXContainerItemProxy section */

/* Begin PBXFileReference section */
		15598B1C1A06BEC4000689FF /* Payback.app */ = {isa = PBXFileReference; explicitFileType = wrapper.application; includeInIndex = 0; path = Payback.app; sourceTree = BUILT_PRODUCTS_DIR; };
		15598B201A06BEC4000689FF /* Info.plist */ = {isa = PBXFileReference; lastKnownFileType = text.plist.xml; path = Info.plist; sourceTree = "<group>"; };
		15598B211A06BEC4000689FF /* main.m */ = {isa = PBXFileReference; lastKnownFileType = sourcecode.c.objc; path = main.m; sourceTree = "<group>"; };
		15598B231A06BEC4000689FF /* AppDelegate.h */ = {isa = PBXFileReference; lastKnownFileType = sourcecode.c.h; path = AppDelegate.h; sourceTree = "<group>"; };
		15598B241A06BEC4000689FF /* AppDelegate.m */ = {isa = PBXFileReference; lastKnownFileType = sourcecode.c.objc; path = AppDelegate.m; sourceTree = "<group>"; };
		15598B261A06BEC4000689FF /* ViewController.h */ = {isa = PBXFileReference; lastKnownFileType = sourcecode.c.h; path = ViewController.h; sourceTree = "<group>"; };
		15598B271A06BEC4000689FF /* ViewController.m */ = {isa = PBXFileReference; lastKnownFileType = sourcecode.c.objc; path = ViewController.m; sourceTree = "<group>"; };
		15598B2C1A06BEC4000689FF /* Images.xcassets */ = {isa = PBXFileReference; lastKnownFileType = folder.assetcatalog; path = Images.xcassets; sourceTree = "<group>"; };
		15598B351A06BEC4000689FF /* PaybackTests.xctest */ = {isa = PBXFileReference; explicitFileType = wrapper.cfbundle; includeInIndex = 0; path = PaybackTests.xctest; sourceTree = BUILT_PRODUCTS_DIR; };
		15598B3A1A06BEC5000689FF /* Info.plist */ = {isa = PBXFileReference; lastKnownFileType = text.plist.xml; path = Info.plist; sourceTree = "<group>"; };
		15598B3B1A06BEC5000689FF /* PaybackTests.m */ = {isa = PBXFileReference; lastKnownFileType = sourcecode.c.objc; path = PaybackTests.m; sourceTree = "<group>"; };
		15598B451A06BF74000689FF /* LedgerViewController.h */ = {isa = PBXFileReference; fileEncoding = 4; lastKnownFileType = sourcecode.c.h; path = LedgerViewController.h; sourceTree = "<group>"; };
		15598B461A06BF74000689FF /* LedgerViewController.m */ = {isa = PBXFileReference; fileEncoding = 4; lastKnownFileType = sourcecode.c.objc; path = LedgerViewController.m; sourceTree = "<group>"; };
		15598B481A06BF92000689FF /* SingeLedgerViewController.h */ = {isa = PBXFileReference; fileEncoding = 4; lastKnownFileType = sourcecode.c.h; path = SingeLedgerViewController.h; sourceTree = "<group>"; };
		15598B491A06BF92000689FF /* SingeLedgerViewController.m */ = {isa = PBXFileReference; fileEncoding = 4; lastKnownFileType = sourcecode.c.objc; path = SingeLedgerViewController.m; sourceTree = "<group>"; };
		15598B4B1A06C64C000689FF /* Ledgers.plist */ = {isa = PBXFileReference; fileEncoding = 4; lastKnownFileType = text.plist.xml; path = Ledgers.plist; sourceTree = "<group>"; };
		15598B4D1A06CCB3000689FF /* Bolts.framework */ = {isa = PBXFileReference; lastKnownFileType = wrapper.framework; path = Bolts.framework; sourceTree = "<group>"; };
		15598B4E1A06CCB3000689FF /* Parse.framework */ = {isa = PBXFileReference; lastKnownFileType = wrapper.framework; path = Parse.framework; sourceTree = "<group>"; };
		15598B511A06CD27000689FF /* AudioToolbox.framework */ = {isa = PBXFileReference; lastKnownFileType = wrapper.framework; name = AudioToolbox.framework; path = System/Library/Frameworks/AudioToolbox.framework; sourceTree = SDKROOT; };
		15598B531A06CD2F000689FF /* CFNetwork.framework */ = {isa = PBXFileReference; lastKnownFileType = wrapper.framework; name = CFNetwork.framework; path = System/Library/Frameworks/CFNetwork.framework; sourceTree = SDKROOT; };
		15598B551A06CD38000689FF /* CoreGraphics.framework */ = {isa = PBXFileReference; lastKnownFileType = wrapper.framework; name = CoreGraphics.framework; path = System/Library/Frameworks/CoreGraphics.framework; sourceTree = SDKROOT; };
		15598B571A06CD3E000689FF /* CoreLocation.framework */ = {isa = PBXFileReference; lastKnownFileType = wrapper.framework; name = CoreLocation.framework; path = System/Library/Frameworks/CoreLocation.framework; sourceTree = SDKROOT; };
		15598B591A06CD44000689FF /* libz.dylib */ = {isa = PBXFileReference; lastKnownFileType = "compiled.mach-o.dylib"; name = libz.dylib; path = usr/lib/libz.dylib; sourceTree = SDKROOT; };
		15598B5B1A06CD4C000689FF /* MobileCoreServices.framework */ = {isa = PBXFileReference; lastKnownFileType = wrapper.framework; name = MobileCoreServices.framework; path = System/Library/Frameworks/MobileCoreServices.framework; sourceTree = SDKROOT; };
		15598B5D1A06CD51000689FF /* QuartzCore.framework */ = {isa = PBXFileReference; lastKnownFileType = wrapper.framework; name = QuartzCore.framework; path = System/Library/Frameworks/QuartzCore.framework; sourceTree = SDKROOT; };
		15598B5F1A06CD56000689FF /* Security.framework */ = {isa = PBXFileReference; lastKnownFileType = wrapper.framework; name = Security.framework; path = System/Library/Frameworks/Security.framework; sourceTree = SDKROOT; };
		15598B611A06CD5C000689FF /* StoreKit.framework */ = {isa = PBXFileReference; lastKnownFileType = wrapper.framework; name = StoreKit.framework; path = System/Library/Frameworks/StoreKit.framework; sourceTree = SDKROOT; };
		15598B631A06CD65000689FF /* SystemConfiguration.framework */ = {isa = PBXFileReference; lastKnownFileType = wrapper.framework; name = SystemConfiguration.framework; path = System/Library/Frameworks/SystemConfiguration.framework; sourceTree = SDKROOT; };
		15598B651A0765FC000689FF /* EditLedgerViewController.h */ = {isa = PBXFileReference; fileEncoding = 4; lastKnownFileType = sourcecode.c.h; path = EditLedgerViewController.h; sourceTree = "<group>"; };
		15598B661A0765FC000689FF /* EditLedgerViewController.m */ = {isa = PBXFileReference; fileEncoding = 4; lastKnownFileType = sourcecode.c.objc; path = EditLedgerViewController.m; sourceTree = "<group>"; };
		15598B6B1A077B9C000689FF /* CustomTableViewCell.h */ = {isa = PBXFileReference; fileEncoding = 4; lastKnownFileType = sourcecode.c.h; path = CustomTableViewCell.h; sourceTree = "<group>"; };
		15598B6C1A077B9C000689FF /* CustomTableViewCell.m */ = {isa = PBXFileReference; fileEncoding = 4; lastKnownFileType = sourcecode.c.objc; path = CustomTableViewCell.m; sourceTree = "<group>"; };
		159A348A1A08901B00867540 /* LaunchScreen.xib */ = {isa = PBXFileReference; fileEncoding = 4; lastKnownFileType = file.xib; path = LaunchScreen.xib; sourceTree = "<group>"; };
		159A348B1A08901B00867540 /* Main.storyboard */ = {isa = PBXFileReference; fileEncoding = 4; lastKnownFileType = file.storyboard; path = Main.storyboard; sourceTree = "<group>"; };
/* End PBXFileReference section */

/* Begin PBXFrameworksBuildPhase section */
		15598B191A06BEC4000689FF /* Frameworks */ = {
			isa = PBXFrameworksBuildPhase;
			buildActionMask = 2147483647;
			files = (
				15598B641A06CD65000689FF /* SystemConfiguration.framework in Frameworks */,
				15598B621A06CD5C000689FF /* StoreKit.framework in Frameworks */,
				15598B601A06CD56000689FF /* Security.framework in Frameworks */,
				15598B5E1A06CD51000689FF /* QuartzCore.framework in Frameworks */,
				15598B5C1A06CD4C000689FF /* MobileCoreServices.framework in Frameworks */,
				15598B5A1A06CD44000689FF /* libz.dylib in Frameworks */,
				15598B581A06CD3E000689FF /* CoreLocation.framework in Frameworks */,
				15598B561A06CD38000689FF /* CoreGraphics.framework in Frameworks */,
				15598B541A06CD2F000689FF /* CFNetwork.framework in Frameworks */,
				15598B521A06CD27000689FF /* AudioToolbox.framework in Frameworks */,
				15598B501A06CCB3000689FF /* Parse.framework in Frameworks */,
				15598B4F1A06CCB3000689FF /* Bolts.framework in Frameworks */,
			);
			runOnlyForDeploymentPostprocessing = 0;
		};
		15598B321A06BEC4000689FF /* Frameworks */ = {
			isa = PBXFrameworksBuildPhase;
			buildActionMask = 2147483647;
			files = (
			);
			runOnlyForDeploymentPostprocessing = 0;
		};
/* End PBXFrameworksBuildPhase section */

/* Begin PBXGroup section */
		15598B131A06BEC4000689FF = {
			isa = PBXGroup;
			children = (
				15598B631A06CD65000689FF /* SystemConfiguration.framework */,
				15598B611A06CD5C000689FF /* StoreKit.framework */,
				15598B5F1A06CD56000689FF /* Security.framework */,
				15598B5D1A06CD51000689FF /* QuartzCore.framework */,
				15598B5B1A06CD4C000689FF /* MobileCoreServices.framework */,
				15598B591A06CD44000689FF /* libz.dylib */,
				15598B571A06CD3E000689FF /* CoreLocation.framework */,
				15598B551A06CD38000689FF /* CoreGraphics.framework */,
				15598B531A06CD2F000689FF /* CFNetwork.framework */,
				15598B511A06CD27000689FF /* AudioToolbox.framework */,
				15598B4D1A06CCB3000689FF /* Bolts.framework */,
				15598B4E1A06CCB3000689FF /* Parse.framework */,
				15598B1E1A06BEC4000689FF /* Payback */,
				15598B381A06BEC4000689FF /* PaybackTests */,
				15598B1D1A06BEC4000689FF /* Products */,
			);
			sourceTree = "<group>";
		};
		15598B1D1A06BEC4000689FF /* Products */ = {
			isa = PBXGroup;
			children = (
				15598B1C1A06BEC4000689FF /* Payback.app */,
				15598B351A06BEC4000689FF /* PaybackTests.xctest */,
			);
			name = Products;
			sourceTree = "<group>";
		};
		15598B1E1A06BEC4000689FF /* Payback */ = {
			isa = PBXGroup;
			children = (
				159A348A1A08901B00867540 /* LaunchScreen.xib */,
				159A348B1A08901B00867540 /* Main.storyboard */,
				15598B231A06BEC4000689FF /* AppDelegate.h */,
				15598B241A06BEC4000689FF /* AppDelegate.m */,
				15598B261A06BEC4000689FF /* ViewController.h */,
				15598B271A06BEC4000689FF /* ViewController.m */,
				15598B451A06BF74000689FF /* LedgerViewController.h */,
				15598B461A06BF74000689FF /* LedgerViewController.m */,
				15598B2C1A06BEC4000689FF /* Images.xcassets */,
				15598B1F1A06BEC4000689FF /* Supporting Files */,
				15598B481A06BF92000689FF /* SingeLedgerViewController.h */,
				15598B491A06BF92000689FF /* SingeLedgerViewController.m */,
				15598B651A0765FC000689FF /* EditLedgerViewController.h */,
				15598B661A0765FC000689FF /* EditLedgerViewController.m */,
				15598B6B1A077B9C000689FF /* CustomTableViewCell.h */,
				15598B6C1A077B9C000689FF /* CustomTableViewCell.m */,
			);
			path = Payback;
			sourceTree = "<group>";
		};
		15598B1F1A06BEC4000689FF /* Supporting Files */ = {
			isa = PBXGroup;
			children = (
				15598B201A06BEC4000689FF /* Info.plist */,
				15598B211A06BEC4000689FF /* main.m */,
				15598B4B1A06C64C000689FF /* Ledgers.plist */,
			);
			name = "Supporting Files";
			sourceTree = "<group>";
		};
		15598B381A06BEC4000689FF /* PaybackTests */ = {
			isa = PBXGroup;
			children = (
				15598B3B1A06BEC5000689FF /* PaybackTests.m */,
				15598B391A06BEC5000689FF /* Supporting Files */,
			);
			path = PaybackTests;
			sourceTree = "<group>";
		};
		15598B391A06BEC5000689FF /* Supporting Files */ = {
			isa = PBXGroup;
			children = (
				15598B3A1A06BEC5000689FF /* Info.plist */,
			);
			name = "Supporting Files";
			sourceTree = "<group>";
		};
/* End PBXGroup section */

/* Begin PBXNativeTarget section */
		15598B1B1A06BEC4000689FF /* Payback */ = {
			isa = PBXNativeTarget;
			buildConfigurationList = 15598B3F1A06BEC5000689FF /* Build configuration list for PBXNativeTarget "Payback" */;
			buildPhases = (
				15598B181A06BEC4000689FF /* Sources */,
				15598B191A06BEC4000689FF /* Frameworks */,
				15598B1A1A06BEC4000689FF /* Resources */,
			);
			buildRules = (
			);
			dependencies = (
			);
			name = Payback;
			productName = Payback;
			productReference = 15598B1C1A06BEC4000689FF /* Payback.app */;
			productType = "com.apple.product-type.application";
		};
		15598B341A06BEC4000689FF /* PaybackTests */ = {
			isa = PBXNativeTarget;
			buildConfigurationList = 15598B421A06BEC5000689FF /* Build configuration list for PBXNativeTarget "PaybackTests" */;
			buildPhases = (
				15598B311A06BEC4000689FF /* Sources */,
				15598B321A06BEC4000689FF /* Frameworks */,
				15598B331A06BEC4000689FF /* Resources */,
			);
			buildRules = (
			);
			dependencies = (
				15598B371A06BEC4000689FF /* PBXTargetDependency */,
			);
			name = PaybackTests;
			productName = PaybackTests;
			productReference = 15598B351A06BEC4000689FF /* PaybackTests.xctest */;
			productType = "com.apple.product-type.bundle.unit-test";
		};
/* End PBXNativeTarget section */

/* Begin PBXProject section */
		15598B141A06BEC4000689FF /* Project object */ = {
			isa = PBXProject;
			attributes = {
				LastUpgradeCheck = 0610;
				ORGANIZATIONNAME = "Evan Bellmore";
				TargetAttributes = {
					15598B1B1A06BEC4000689FF = {
						CreatedOnToolsVersion = 6.1;
					};
					15598B341A06BEC4000689FF = {
						CreatedOnToolsVersion = 6.1;
						TestTargetID = 15598B1B1A06BEC4000689FF;
					};
				};
			};
			buildConfigurationList = 15598B171A06BEC4000689FF /* Build configuration list for PBXProject "Payback" */;
			compatibilityVersion = "Xcode 3.2";
			developmentRegion = English;
			hasScannedForEncodings = 0;
			knownRegions = (
				en,
				Base,
			);
			mainGroup = 15598B131A06BEC4000689FF;
			productRefGroup = 15598B1D1A06BEC4000689FF /* Products */;
			projectDirPath = "";
			projectRoot = "";
			targets = (
				15598B1B1A06BEC4000689FF /* Payback */,
				15598B341A06BEC4000689FF /* PaybackTests */,
			);
		};
/* End PBXProject section */

/* Begin PBXResourcesBuildPhase section */
		15598B1A1A06BEC4000689FF /* Resources */ = {
			isa = PBXResourcesBuildPhase;
			buildActionMask = 2147483647;
			files = (
				159A348C1A08901B00867540 /* LaunchScreen.xib in Resources */,
				15598B4C1A06C64C000689FF /* Ledgers.plist in Resources */,
				159A348D1A08901B00867540 /* Main.storyboard in Resources */,
				15598B2D1A06BEC4000689FF /* Images.xcassets in Resources */,
			);
			runOnlyForDeploymentPostprocessing = 0;
		};
		15598B331A06BEC4000689FF /* Resources */ = {
			isa = PBXResourcesBuildPhase;
			buildActionMask = 2147483647;
			files = (
			);
			runOnlyForDeploymentPostprocessing = 0;
		};
/* End PBXResourcesBuildPhase section */

/* Begin PBXSourcesBuildPhase section */
		15598B181A06BEC4000689FF /* Sources */ = {
			isa = PBXSourcesBuildPhase;
			buildActionMask = 2147483647;
			files = (
				15598B281A06BEC4000689FF /* ViewController.m in Sources */,
				15598B6D1A077B9C000689FF /* CustomTableViewCell.m in Sources */,
				15598B4A1A06BF92000689FF /* SingeLedgerViewController.m in Sources */,
				15598B251A06BEC4000689FF /* AppDelegate.m in Sources */,
				15598B671A0765FC000689FF /* EditLedgerViewController.m in Sources */,
				15598B221A06BEC4000689FF /* main.m in Sources */,
				15598B471A06BF74000689FF /* LedgerViewController.m in Sources */,
			);
			runOnlyForDeploymentPostprocessing = 0;
		};
		15598B311A06BEC4000689FF /* Sources */ = {
			isa = PBXSourcesBuildPhase;
			buildActionMask = 2147483647;
			files = (
				15598B3C1A06BEC5000689FF /* PaybackTests.m in Sources */,
			);
			runOnlyForDeploymentPostprocessing = 0;
		};
/* End PBXSourcesBuildPhase section */

/* Begin PBXTargetDependency section */
		15598B371A06BEC4000689FF /* PBXTargetDependency */ = {
			isa = PBXTargetDependency;
			target = 15598B1B1A06BEC4000689FF /* Payback */;
			targetProxy = 15598B361A06BEC4000689FF /* PBXContainerItemProxy */;
		};
/* End PBXTargetDependency section */

/* Begin XCBuildConfiguration section */
		15598B3D1A06BEC5000689FF /* Debug */ = {
			isa = XCBuildConfiguration;
			buildSettings = {
				ALWAYS_SEARCH_USER_PATHS = NO;
				CLANG_CXX_LANGUAGE_STANDARD = "gnu++0x";
				CLANG_CXX_LIBRARY = "libc++";
				CLANG_ENABLE_MODULES = YES;
				CLANG_ENABLE_OBJC_ARC = YES;
				CLANG_WARN_BOOL_CONVERSION = YES;
				CLANG_WARN_CONSTANT_CONVERSION = YES;
				CLANG_WARN_DIRECT_OBJC_ISA_USAGE = YES_ERROR;
				CLANG_WARN_EMPTY_BODY = YES;
				CLANG_WARN_ENUM_CONVERSION = YES;
				CLANG_WARN_INT_CONVERSION = YES;
				CLANG_WARN_OBJC_ROOT_CLASS = YES_ERROR;
				CLANG_WARN_UNREACHABLE_CODE = YES;
				CLANG_WARN__DUPLICATE_METHOD_MATCH = YES;
				"CODE_SIGN_IDENTITY[sdk=iphoneos*]" = "iPhone Developer";
				COPY_PHASE_STRIP = NO;
				ENABLE_STRICT_OBJC_MSGSEND = YES;
				GCC_C_LANGUAGE_STANDARD = gnu99;
				GCC_DYNAMIC_NO_PIC = NO;
				GCC_OPTIMIZATION_LEVEL = 0;
				GCC_PREPROCESSOR_DEFINITIONS = (
					"DEBUG=1",
					"$(inherited)",
				);
				GCC_SYMBOLS_PRIVATE_EXTERN = NO;
				GCC_WARN_64_TO_32_BIT_CONVERSION = YES;
				GCC_WARN_ABOUT_RETURN_TYPE = YES_ERROR;
				GCC_WARN_UNDECLARED_SELECTOR = YES;
				GCC_WARN_UNINITIALIZED_AUTOS = YES_AGGRESSIVE;
				GCC_WARN_UNUSED_FUNCTION = YES;
				GCC_WARN_UNUSED_VARIABLE = YES;
				IPHONEOS_DEPLOYMENT_TARGET = 8.1;
				MTL_ENABLE_DEBUG_INFO = YES;
				ONLY_ACTIVE_ARCH = YES;
				SDKROOT = iphoneos;
			};
			name = Debug;
		};
		15598B3E1A06BEC5000689FF /* Release */ = {
			isa = XCBuildConfiguration;
			buildSettings = {
				ALWAYS_SEARCH_USER_PATHS = NO;
				CLANG_CXX_LANGUAGE_STANDARD = "gnu++0x";
				CLANG_CXX_LIBRARY = "libc++";
				CLANG_ENABLE_MODULES = YES;
				CLANG_ENABLE_OBJC_ARC = YES;
				CLANG_WARN_BOOL_CONVERSION = YES;
				CLANG_WARN_CONSTANT_CONVERSION = YES;
				CLANG_WARN_DIRECT_OBJC_ISA_USAGE = YES_ERROR;
				CLANG_WARN_EMPTY_BODY = YES;
				CLANG_WARN_ENUM_CONVERSION = YES;
				CLANG_WARN_INT_CONVERSION = YES;
				CLANG_WARN_OBJC_ROOT_CLASS = YES_ERROR;
				CLANG_WARN_UNREACHABLE_CODE = YES;
				CLANG_WARN__DUPLICATE_METHOD_MATCH = YES;
				"CODE_SIGN_IDENTITY[sdk=iphoneos*]" = "iPhone Developer";
				COPY_PHASE_STRIP = YES;
				ENABLE_NS_ASSERTIONS = NO;
				ENABLE_STRICT_OBJC_MSGSEND = YES;
				GCC_C_LANGUAGE_STANDARD = gnu99;
				GCC_WARN_64_TO_32_BIT_CONVERSION = YES;
				GCC_WARN_ABOUT_RETURN_TYPE = YES_ERROR;
				GCC_WARN_UNDECLARED_SELECTOR = YES;
				GCC_WARN_UNINITIALIZED_AUTOS = YES_AGGRESSIVE;
				GCC_WARN_UNUSED_FUNCTION = YES;
				GCC_WARN_UNUSED_VARIABLE = YES;
				IPHONEOS_DEPLOYMENT_TARGET = 8.1;
				MTL_ENABLE_DEBUG_INFO = NO;
				SDKROOT = iphoneos;
				VALIDATE_PRODUCT = YES;
			};
			name = Release;
		};
		15598B401A06BEC5000689FF /* Debug */ = {
			isa = XCBuildConfiguration;
			buildSettings = {
				ASSETCATALOG_COMPILER_APPICON_NAME = AppIcon;
				FRAMEWORK_SEARCH_PATHS = (
					"$(inherited)",
					"$(PROJECT_DIR)",
				);
				INFOPLIST_FILE = Payback/Info.plist;
				LD_RUNPATH_SEARCH_PATHS = "$(inherited) @executable_path/Frameworks";
				PRODUCT_NAME = "$(TARGET_NAME)";
			};
			name = Debug;
		};
		15598B411A06BEC5000689FF /* Release */ = {
			isa = XCBuildConfiguration;
			buildSettings = {
				ASSETCATALOG_COMPILER_APPICON_NAME = AppIcon;
				FRAMEWORK_SEARCH_PATHS = (
					"$(inherited)",
					"$(PROJECT_DIR)",
				);
				INFOPLIST_FILE = Payback/Info.plist;
				LD_RUNPATH_SEARCH_PATHS = "$(inherited) @executable_path/Frameworks";
				PRODUCT_NAME = "$(TARGET_NAME)";
			};
			name = Release;
		};
		15598B431A06BEC5000689FF /* Debug */ = {
			isa = XCBuildConfiguration;
			buildSettings = {
				BUNDLE_LOADER = "$(TEST_HOST)";
				FRAMEWORK_SEARCH_PATHS = (
					"$(SDKROOT)/Developer/Library/Frameworks",
					"$(inherited)",
				);
				GCC_PREPROCESSOR_DEFINITIONS = (
					"DEBUG=1",
					"$(inherited)",
				);
				INFOPLIST_FILE = PaybackTests/Info.plist;
				LD_RUNPATH_SEARCH_PATHS = "$(inherited) @executable_path/Frameworks @loader_path/Frameworks";
				PRODUCT_NAME = "$(TARGET_NAME)";
				TEST_HOST = "$(BUILT_PRODUCTS_DIR)/Payback.app/Payback";
			};
			name = Debug;
		};
		15598B441A06BEC5000689FF /* Release */ = {
			isa = XCBuildConfiguration;
			buildSettings = {
				BUNDLE_LOADER = "$(TEST_HOST)";
				FRAMEWORK_SEARCH_PATHS = (
					"$(SDKROOT)/Developer/Library/Frameworks",
					"$(inherited)",
				);
				INFOPLIST_FILE = PaybackTests/Info.plist;
				LD_RUNPATH_SEARCH_PATHS = "$(inherited) @executable_path/Frameworks @loader_path/Frameworks";
				PRODUCT_NAME = "$(TARGET_NAME)";
				TEST_HOST = "$(BUILT_PRODUCTS_DIR)/Payback.app/Payback";
			};
			name = Release;
		};
/* End XCBuildConfiguration section */

/* Begin XCConfigurationList section */
		15598B171A06BEC4000689FF /* Build configuration list for PBXProject "Payback" */ = {
			isa = XCConfigurationList;
			buildConfigurations = (
				15598B3D1A06BEC5000689FF /* Debug */,
				15598B3E1A06BEC5000689FF /* Release */,
			);
			defaultConfigurationIsVisible = 0;
			defaultConfigurationName = Release;
		};
		15598B3F1A06BEC5000689FF /* Build configuration list for PBXNativeTarget "Payback" */ = {
			isa = XCConfigurationList;
			buildConfigurations = (
				15598B401A06BEC5000689FF /* Debug */,
				15598B411A06BEC5000689FF /* Release */,
			);
			defaultConfigurationIsVisible = 0;
			defaultConfigurationName = Release;
		};
		15598B421A06BEC5000689FF /* Build configuration list for PBXNativeTarget "PaybackTests" */ = {
			isa = XCConfigurationList;
			buildConfigurations = (
				15598B431A06BEC5000689FF /* Debug */,
				15598B441A06BEC5000689FF /* Release */,
			);
			defaultConfigurationIsVisible = 0;
			defaultConfigurationName = Release;
		};
/* End XCConfigurationList section */
	};
	rootObject = 15598B141A06BEC4000689FF /* Project object */;
}
